// !$*UTF8*$!
{
	archiveVersion = 1;
	classes = {
	};
	objectVersion = 56;
	objects = {

/* Begin PBXBuildFile section */
		AC6B081F2AB1DEAD0091EA96 /* Project11_Bookworm_100SUI_App.swift in Sources */ = {isa = PBXBuildFile; fileRef = AC6B081E2AB1DEAD0091EA96 /* Project11_Bookworm_100SUI_App.swift */; };
		AC6B08212AB1DEAD0091EA96 /* ContentView.swift in Sources */ = {isa = PBXBuildFile; fileRef = AC6B08202AB1DEAD0091EA96 /* ContentView.swift */; };
		AC6B08232AB1DEAE0091EA96 /* Assets.xcassets in Resources */ = {isa = PBXBuildFile; fileRef = AC6B08222AB1DEAE0091EA96 /* Assets.xcassets */; };
		AC6B08262AB1DEAE0091EA96 /* Preview Assets.xcassets in Resources */ = {isa = PBXBuildFile; fileRef = AC6B08252AB1DEAE0091EA96 /* Preview Assets.xcassets */; };
		AC6B082E2AB1E8BF0091EA96 /* Bookworm.xcdatamodeld in Sources */ = {isa = PBXBuildFile; fileRef = AC6B082C2AB1E8BF0091EA96 /* Bookworm.xcdatamodeld */; };
		AC6B08302AB1E9140091EA96 /* DataController.swift in Sources */ = {isa = PBXBuildFile; fileRef = AC6B082F2AB1E9140091EA96 /* DataController.swift */; };
/* End PBXBuildFile section */

/* Begin PBXFileReference section */
		AC6B081B2AB1DEAD0091EA96 /* Project11-Bookworm(100SUI).app */ = {isa = PBXFileReference; explicitFileType = wrapper.application; includeInIndex = 0; path = "Project11-Bookworm(100SUI).app"; sourceTree = BUILT_PRODUCTS_DIR; };
		AC6B081E2AB1DEAD0091EA96 /* Project11_Bookworm_100SUI_App.swift */ = {isa = PBXFileReference; lastKnownFileType = sourcecode.swift; path = Project11_Bookworm_100SUI_App.swift; sourceTree = "<group>"; };
		AC6B08202AB1DEAD0091EA96 /* ContentView.swift */ = {isa = PBXFileReference; lastKnownFileType = sourcecode.swift; path = ContentView.swift; sourceTree = "<group>"; };
		AC6B08222AB1DEAE0091EA96 /* Assets.xcassets */ = {isa = PBXFileReference; lastKnownFileType = folder.assetcatalog; path = Assets.xcassets; sourceTree = "<group>"; };
		AC6B08252AB1DEAE0091EA96 /* Preview Assets.xcassets */ = {isa = PBXFileReference; lastKnownFileType = folder.assetcatalog; path = "Preview Assets.xcassets"; sourceTree = "<group>"; };
		AC6B082D2AB1E8BF0091EA96 /* Bookworm.xcdatamodel */ = {isa = PBXFileReference; lastKnownFileType = wrapper.xcdatamodel; path = Bookworm.xcdatamodel; sourceTree = "<group>"; };
		AC6B082F2AB1E9140091EA96 /* DataController.swift */ = {isa = PBXFileReference; lastKnownFileType = sourcecode.swift; path = DataController.swift; sourceTree = "<group>"; };
/* End PBXFileReference section */

/* Begin PBXFrameworksBuildPhase section */
		AC6B08182AB1DEAD0091EA96 /* Frameworks */ = {
			isa = PBXFrameworksBuildPhase;
			buildActionMask = 2147483647;
			files = (
			);
			runOnlyForDeploymentPostprocessing = 0;
		};
/* End PBXFrameworksBuildPhase section */

/* Begin PBXGroup section */
		AC6B08122AB1DEAD0091EA96 = {
			isa = PBXGroup;
			children = (
				AC6B081D2AB1DEAD0091EA96 /* Project11-Bookworm(100SUI) */,
				AC6B081C2AB1DEAD0091EA96 /* Products */,
			);
			sourceTree = "<group>";
		};
		AC6B081C2AB1DEAD0091EA96 /* Products */ = {
			isa = PBXGroup;
			children = (
				AC6B081B2AB1DEAD0091EA96 /* Project11-Bookworm(100SUI).app */,
			);
			name = Products;
			sourceTree = "<group>";
		};
		AC6B081D2AB1DEAD0091EA96 /* Project11-Bookworm(100SUI) */ = {
			isa = PBXGroup;
			children = (
				AC6B081E2AB1DEAD0091EA96 /* Project11_Bookworm_100SUI_App.swift */,
				AC6B082C2AB1E8BF0091EA96 /* Bookworm.xcdatamodeld */,
				AC6B082F2AB1E9140091EA96 /* DataController.swift */,
				AC6B08202AB1DEAD0091EA96 /* ContentView.swift */,
				AC6B08222AB1DEAE0091EA96 /* Assets.xcassets */,
				AC6B08242AB1DEAE0091EA96 /* Preview Content */,
			);
			path = "Project11-Bookworm(100SUI)";
			sourceTree = "<group>";
		};
		AC6B08242AB1DEAE0091EA96 /* Preview Content */ = {
			isa = PBXGroup;
			children = (
				AC6B08252AB1DEAE0091EA96 /* Preview Assets.xcassets */,
			);
			path = "Preview Content";
			sourceTree = "<group>";
		};
/* End PBXGroup section */

/* Begin PBXNativeTarget section */
		AC6B081A2AB1DEAD0091EA96 /* Project11-Bookworm(100SUI) */ = {
			isa = PBXNativeTarget;
			buildConfigurationList = AC6B08292AB1DEAE0091EA96 /* Build configuration list for PBXNativeTarget "Project11-Bookworm(100SUI)" */;
			buildPhases = (
				AC6B08172AB1DEAD0091EA96 /* Sources */,
				AC6B08182AB1DEAD0091EA96 /* Frameworks */,
				AC6B08192AB1DEAD0091EA96 /* Resources */,
			);
			buildRules = (
			);
			dependencies = (
			);
			name = "Project11-Bookworm(100SUI)";
			productName = "Project11-Bookworm(100SUI)";
			productReference = AC6B081B2AB1DEAD0091EA96 /* Project11-Bookworm(100SUI).app */;
			productType = "com.apple.product-type.application";
		};
/* End PBXNativeTarget section */

/* Begin PBXProject section */
		AC6B08132AB1DEAD0091EA96 /* Project object */ = {
			isa = PBXProject;
			attributes = {
				BuildIndependentTargetsInParallel = 1;
				LastSwiftUpdateCheck = 1430;
				LastUpgradeCheck = 1430;
				TargetAttributes = {
					AC6B081A2AB1DEAD0091EA96 = {
						CreatedOnToolsVersion = 14.3.1;
					};
				};
			};
			buildConfigurationList = AC6B08162AB1DEAD0091EA96 /* Build configuration list for PBXProject "Project11-Bookworm(100SUI)" */;
			compatibilityVersion = "Xcode 14.0";
			developmentRegion = en;
			hasScannedForEncodings = 0;
			knownRegions = (
				en,
				Base,
			);
			mainGroup = AC6B08122AB1DEAD0091EA96;
			productRefGroup = AC6B081C2AB1DEAD0091EA96 /* Products */;
			projectDirPath = "";
			projectRoot = "";
			targets = (
				AC6B081A2AB1DEAD0091EA96 /* Project11-Bookworm(100SUI) */,
			);
		};
/* End PBXProject section */

/* Begin PBXResourcesBuildPhase section */
		AC6B08192AB1DEAD0091EA96 /* Resources */ = {
			isa = PBXResourcesBuildPhase;
			buildActionMask = 2147483647;
			files = (
				AC6B08262AB1DEAE0091EA96 /* Preview Assets.xcassets in Resources */,
				AC6B08232AB1DEAE0091EA96 /* Assets.xcassets in Resources */,
			);
			runOnlyForDeploymentPostprocessing = 0;
		};
/* End PBXResourcesBuildPhase section */

/* Begin PBXSourcesBuildPhase section */
		AC6B08172AB1DEAD0091EA96 /* Sources */ = {
			isa = PBXSourcesBuildPhase;
			buildActionMask = 2147483647;
			files = (
				AC6B08212AB1DEAD0091EA96 /* ContentView.swift in Sources */,
				AC6B08302AB1E9140091EA96 /* DataController.swift in Sources */,
				AC6B082E2AB1E8BF0091EA96 /* Bookworm.xcdatamodeld in Sources */,
				AC6B081F2AB1DEAD0091EA96 /* Project11_Bookworm_100SUI_App.swift in Sources */,
			);
			runOnlyForDeploymentPostprocessing = 0;
		};
/* End PBXSourcesBuildPhase section */

/* Begin XCBuildConfiguration section */
		AC6B08272AB1DEAE0091EA96 /* Debug */ = {
			isa = XCBuildConfiguration;
			buildSettings = {
				ALWAYS_SEARCH_USER_PATHS = NO;
				CLANG_ANALYZER_NONNULL = YES;
				CLANG_ANALYZER_NUMBER_OBJECT_CONVERSION = YES_AGGRESSIVE;
				CLANG_CXX_LANGUAGE_STANDARD = "gnu++20";
				CLANG_ENABLE_MODULES = YES;
				CLANG_ENABLE_OBJC_ARC = YES;
				CLANG_ENABLE_OBJC_WEAK = YES;
				CLANG_WARN_BLOCK_CAPTURE_AUTORELEASING = YES;
				CLANG_WARN_BOOL_CONVERSION = YES;
				CLANG_WARN_COMMA = YES;
				CLANG_WARN_CONSTANT_CONVERSION = YES;
				CLANG_WARN_DEPRECATED_OBJC_IMPLEMENTATIONS = YES;
				CLANG_WARN_DIRECT_OBJC_ISA_USAGE = YES_ERROR;
				CLANG_WARN_DOCUMENTATION_COMMENTS = YES;
				CLANG_WARN_EMPTY_BODY = YES;
				CLANG_WARN_ENUM_CONVERSION = YES;
				CLANG_WARN_INFINITE_RECURSION = YES;
				CLANG_WARN_INT_CONVERSION = YES;
				CLANG_WARN_NON_LITERAL_NULL_CONVERSION = YES;
				CLANG_WARN_OBJC_IMPLICIT_RETAIN_SELF = YES;
				CLANG_WARN_OBJC_LITERAL_CONVERSION = YES;
				CLANG_WARN_OBJC_ROOT_CLASS = YES_ERROR;
				CLANG_WARN_QUOTED_INCLUDE_IN_FRAMEWORK_HEADER = YES;
				CLANG_WARN_RANGE_LOOP_ANALYSIS = YES;
				CLANG_WARN_STRICT_PROTOTYPES = YES;
				CLANG_WARN_SUSPICIOUS_MOVE = YES;
				CLANG_WARN_UNGUARDED_AVAILABILITY = YES_AGGRESSIVE;
				CLANG_WARN_UNREACHABLE_CODE = YES;
				CLANG_WARN__DUPLICATE_METHOD_MATCH = YES;
				COPY_PHASE_STRIP = NO;
				DEBUG_INFORMATION_FORMAT = dwarf;
				ENABLE_STRICT_OBJC_MSGSEND = YES;
				ENABLE_TESTABILITY = YES;
				GCC_C_LANGUAGE_STANDARD = gnu11;
				GCC_DYNAMIC_NO_PIC = NO;
				GCC_NO_COMMON_BLOCKS = YES;
				GCC_OPTIMIZATION_LEVEL = 0;
				GCC_PREPROCESSOR_DEFINITIONS = (
					"DEBUG=1",
					"$(inherited)",
				);
				GCC_WARN_64_TO_32_BIT_CONVERSION = YES;
				GCC_WARN_ABOUT_RETURN_TYPE = YES_ERROR;
				GCC_WARN_UNDECLARED_SELECTOR = YES;
				GCC_WARN_UNINITIALIZED_AUTOS = YES_AGGRESSIVE;
				GCC_WARN_UNUSED_FUNCTION = YES;
				GCC_WARN_UNUSED_VARIABLE = YES;
				IPHONEOS_DEPLOYMENT_TARGET = 16.4;
				MTL_ENABLE_DEBUG_INFO = INCLUDE_SOURCE;
				MTL_FAST_MATH = YES;
				ONLY_ACTIVE_ARCH = YES;
				SDKROOT = iphoneos;
				SWIFT_ACTIVE_COMPILATION_CONDITIONS = DEBUG;
				SWIFT_OPTIMIZATION_LEVEL = "-Onone";
			};
			name = Debug;
		};
		AC6B08282AB1DEAE0091EA96 /* Release */ = {
			isa = XCBuildConfiguration;
			buildSettings = {
				ALWAYS_SEARCH_USER_PATHS = NO;
				CLANG_ANALYZER_NONNULL = YES;
				CLANG_ANALYZER_NUMBER_OBJECT_CONVERSION = YES_AGGRESSIVE;
				CLANG_CXX_LANGUAGE_STANDARD = "gnu++20";
				CLANG_ENABLE_MODULES = YES;
				CLANG_ENABLE_OBJC_ARC = YES;
				CLANG_ENABLE_OBJC_WEAK = YES;
				CLANG_WARN_BLOCK_CAPTURE_AUTORELEASING = YES;
				CLANG_WARN_BOOL_CONVERSION = YES;
				CLANG_WARN_COMMA = YES;
				CLANG_WARN_CONSTANT_CONVERSION = YES;
				CLANG_WARN_DEPRECATED_OBJC_IMPLEMENTATIONS = YES;
				CLANG_WARN_DIRECT_OBJC_ISA_USAGE = YES_ERROR;
				CLANG_WARN_DOCUMENTATION_COMMENTS = YES;
				CLANG_WARN_EMPTY_BODY = YES;
				CLANG_WARN_ENUM_CONVERSION = YES;
				CLANG_WARN_INFINITE_RECURSION = YES;
				CLANG_WARN_INT_CONVERSION = YES;
				CLANG_WARN_NON_LITERAL_NULL_CONVERSION = YES;
				CLANG_WARN_OBJC_IMPLICIT_RETAIN_SELF = YES;
				CLANG_WARN_OBJC_LITERAL_CONVERSION = YES;
				CLANG_WARN_OBJC_ROOT_CLASS = YES_ERROR;
				CLANG_WARN_QUOTED_INCLUDE_IN_FRAMEWORK_HEADER = YES;
				CLANG_WARN_RANGE_LOOP_ANALYSIS = YES;
				CLANG_WARN_STRICT_PROTOTYPES = YES;
				CLANG_WARN_SUSPICIOUS_MOVE = YES;
				CLANG_WARN_UNGUARDED_AVAILABILITY = YES_AGGRESSIVE;
				CLANG_WARN_UNREACHABLE_CODE = YES;
				CLANG_WARN__DUPLICATE_METHOD_MATCH = YES;
				COPY_PHASE_STRIP = NO;
				DEBUG_INFORMATION_FORMAT = "dwarf-with-dsym";
				ENABLE_NS_ASSERTIONS = NO;
				ENABLE_STRICT_OBJC_MSGSEND = YES;
				GCC_C_LANGUAGE_STANDARD = gnu11;
				GCC_NO_COMMON_BLOCKS = YES;
				GCC_WARN_64_TO_32_BIT_CONVERSION = YES;
				GCC_WARN_ABOUT_RETURN_TYPE = YES_ERROR;
				GCC_WARN_UNDECLARED_SELECTOR = YES;
				GCC_WARN_UNINITIALIZED_AUTOS = YES_AGGRESSIVE;
				GCC_WARN_UNUSED_FUNCTION = YES;
				GCC_WARN_UNUSED_VARIABLE = YES;
				IPHONEOS_DEPLOYMENT_TARGET = 16.4;
				MTL_ENABLE_DEBUG_INFO = NO;
				MTL_FAST_MATH = YES;
				SDKROOT = iphoneos;
				SWIFT_COMPILATION_MODE = wholemodule;
				SWIFT_OPTIMIZATION_LEVEL = "-O";
				VALIDATE_PRODUCT = YES;
			};
			name = Release;
		};
		AC6B082A2AB1DEAE0091EA96 /* Debug */ = {
			isa = XCBuildConfiguration;
			buildSettings = {
				ASSETCATALOG_COMPILER_APPICON_NAME = AppIcon;
				ASSETCATALOG_COMPILER_GLOBAL_ACCENT_COLOR_NAME = AccentColor;
				CODE_SIGN_STYLE = Automatic;
				CURRENT_PROJECT_VERSION = 1;
				DEVELOPMENT_ASSET_PATHS = "\"Project11-Bookworm(100SUI)/Preview Content\"";
				DEVELOPMENT_TEAM = 482344W3R3;
				ENABLE_PREVIEWS = YES;
				GENERATE_INFOPLIST_FILE = YES;
				INFOPLIST_KEY_UIApplicationSceneManifest_Generation = YES;
				INFOPLIST_KEY_UIApplicationSupportsIndirectInputEvents = YES;
				INFOPLIST_KEY_UILaunchScreen_Generation = YES;
				INFOPLIST_KEY_UISupportedInterfaceOrientations_iPad = "UIInterfaceOrientationPortrait UIInterfaceOrientationPortraitUpsideDown UIInterfaceOrientationLandscapeLeft UIInterfaceOrientationLandscapeRight";
				INFOPLIST_KEY_UISupportedInterfaceOrientations_iPhone = "UIInterfaceOrientationPortrait UIInterfaceOrientationLandscapeLeft UIInterfaceOrientationLandscapeRight";
				LD_RUNPATH_SEARCH_PATHS = (
					"$(inherited)",
					"@executable_path/Frameworks",
				);
				MARKETING_VERSION = 1.0;
				PRODUCT_BUNDLE_IDENTIFIER = "Artemaj.Project11-Bookworm-100SUI-";
				PRODUCT_NAME = "$(TARGET_NAME)";
				SWIFT_EMIT_LOC_STRINGS = YES;
				SWIFT_VERSION = 5.0;
				TARGETED_DEVICE_FAMILY = "1,2";
			};
			name = Debug;
		};
		AC6B082B2AB1DEAE0091EA96 /* Release */ = {
			isa = XCBuildConfiguration;
			buildSettings = {
				ASSETCATALOG_COMPILER_APPICON_NAME = AppIcon;
				ASSETCATALOG_COMPILER_GLOBAL_ACCENT_COLOR_NAME = AccentColor;
				CODE_SIGN_STYLE = Automatic;
				CURRENT_PROJECT_VERSION = 1;
				DEVELOPMENT_ASSET_PATHS = "\"Project11-Bookworm(100SUI)/Preview Content\"";
				DEVELOPMENT_TEAM = 482344W3R3;
				ENABLE_PREVIEWS = YES;
				GENERATE_INFOPLIST_FILE = YES;
				INFOPLIST_KEY_UIApplicationSceneManifest_Generation = YES;
				INFOPLIST_KEY_UIApplicationSupportsIndirectInputEvents = YES;
				INFOPLIST_KEY_UILaunchScreen_Generation = YES;
				INFOPLIST_KEY_UISupportedInterfaceOrientations_iPad = "UIInterfaceOrientationPortrait UIInterfaceOrientationPortraitUpsideDown UIInterfaceOrientationLandscapeLeft UIInterfaceOrientationLandscapeRight";
				INFOPLIST_KEY_UISupportedInterfaceOrientations_iPhone = "UIInterfaceOrientationPortrait UIInterfaceOrientationLandscapeLeft UIInterfaceOrientationLandscapeRight";
				LD_RUNPATH_SEARCH_PATHS = (
					"$(inherited)",
					"@executable_path/Frameworks",
				);
				MARKETING_VERSION = 1.0;
				PRODUCT_BUNDLE_IDENTIFIER = "Artemaj.Project11-Bookworm-100SUI-";
				PRODUCT_NAME = "$(TARGET_NAME)";
				SWIFT_EMIT_LOC_STRINGS = YES;
				SWIFT_VERSION = 5.0;
				TARGETED_DEVICE_FAMILY = "1,2";
			};
			name = Release;
		};
/* End XCBuildConfiguration section */

/* Begin XCConfigurationList section */
		AC6B08162AB1DEAD0091EA96 /* Build configuration list for PBXProject "Project11-Bookworm(100SUI)" */ = {
			isa = XCConfigurationList;
			buildConfigurations = (
				AC6B08272AB1DEAE0091EA96 /* Debug */,
				AC6B08282AB1DEAE0091EA96 /* Release */,
			);
			defaultConfigurationIsVisible = 0;
			defaultConfigurationName = Release;
		};
		AC6B08292AB1DEAE0091EA96 /* Build configuration list for PBXNativeTarget "Project11-Bookworm(100SUI)" */ = {
			isa = XCConfigurationList;
			buildConfigurations = (
				AC6B082A2AB1DEAE0091EA96 /* Debug */,
				AC6B082B2AB1DEAE0091EA96 /* Release */,
			);
			defaultConfigurationIsVisible = 0;
			defaultConfigurationName = Release;
		};
/* End XCConfigurationList section */

/* Begin XCVersionGroup section */
		AC6B082C2AB1E8BF0091EA96 /* Bookworm.xcdatamodeld */ = {
			isa = XCVersionGroup;
			children = (
				AC6B082D2AB1E8BF0091EA96 /* Bookworm.xcdatamodel */,
			);
			currentVersion = AC6B082D2AB1E8BF0091EA96 /* Bookworm.xcdatamodel */;
			path = Bookworm.xcdatamodeld;
			sourceTree = "<group>";
			versionGroupType = wrapper.xcdatamodel;
		};
/* End XCVersionGroup section */
	};
	rootObject = AC6B08132AB1DEAD0091EA96 /* Project object */;
}
